
Microsoft Visual Studio Solution File, Format Version 12.00
# Visual Studio Version 16
VisualStudioVersion = 16.0.30104.148
MinimumVisualStudioVersion = 10.0.40219.1
Project("{FAE04EC0-301F-11D3-BF4B-00C04F79EFBC}") = "GitHubSearchApi", "GitHubSearchApi\GitHubSearchApi.csproj", "{4397A93F-533A-4F57-AE27-E324BC27B9DB}"
EndProject
Project("{FAE04EC0-301F-11D3-BF4B-00C04F79EFBC}") = "GitHubSearchApi.Tests", "GitHubSearchApi.Tests\GitHubSearchApi.Tests.csproj", "{79FD1FA9-9FE5-4A68-AA8B-4C29E5162524}"
EndProject
Global
	GlobalSection(SolutionConfigurationPlatforms) = preSolution
		Debug|Any CPU = Debug|Any CPU
		Release|Any CPU = Release|Any CPU
	EndGlobalSection
	GlobalSection(ProjectConfigurationPlatforms) = postSolution
		{4397A93F-533A-4F57-AE27-E324BC27B9DB}.Debug|Any CPU.ActiveCfg = Debug|Any CPU
		{4397A93F-533A-4F57-AE27-E324BC27B9DB}.Debug|Any CPU.Build.0 = Debug|Any CPU
		{4397A93F-533A-4F57-AE27-E324BC27B9DB}.Release|Any CPU.ActiveCfg = Release|Any CPU
		{4397A93F-533A-4F57-AE27-E324BC27B9DB}.Release|Any CPU.Build.0 = Release|Any CPU
		{79FD1FA9-9FE5-4A68-AA8B-4C29E5162524}.Debug|Any CPU.ActiveCfg = Debug|Any CPU
		{79FD1FA9-9FE5-4A68-AA8B-4C29E5162524}.Debug|Any CPU.Build.0 = Debug|Any CPU
		{79FD1FA9-9FE5-4A68-AA8B-4C29E5162524}.Release|Any CPU.ActiveCfg = Release|Any CPU
		{79FD1FA9-9FE5-4A68-AA8B-4C29E5162524}.Release|Any CPU.Build.0 = Release|Any CPU
	EndGlobalSection
	GlobalSection(SolutionProperties) = preSolution
		HideSolutionNode = FALSE
	EndGlobalSection
	GlobalSection(ExtensibilityGlobals) = postSolution
		SolutionGuid = {F970AB48-65CA-4C13-92E3-0C76F45D859A}
	EndGlobalSection
EndGlobal
